annotated-doc==0.0.5
cffi==2.1.1
colorama==0.4.6
constrata==1.3.3
cryptography==50.0.2
frozendict==2.4.7
markdown-it-py==4.2.0
mdurl==0.1.2
numpy==2.5.3
pycparser==3.0
Pygments==2.21.0
rich==15.0.0
scipy==1.18.1
shellingham==1.5.4
soulstruct==2.6.0
soulstruct-havok==1.5.0
typer==0.27.2
zstandard==0.25.0
